// !$*UTF8*$!
{
	archiveVersion = 1;
	classes = {
	};
	objectVersion = 55;
	objects = {

/* Begin PBXBuildFile section */
		A07A35F728095B36001A259D /* AppDelegate.swift in Sources */ = {isa = PBXBuildFile; fileRef = A07A35F628095B36001A259D /* AppDelegate.swift */; };
		A07A35F928095B36001A259D /* SceneDelegate.swift in Sources */ = {isa = PBXBuildFile; fileRef = A07A35F828095B36001A259D /* SceneDelegate.swift */; };
		A07A35FE28095B36001A259D /* Main.storyboard in Resources */ = {isa = PBXBuildFile; fileRef = A07A35FC28095B36001A259D /* Main.storyboard */; };
		A07A360028095B38001A259D /* Assets.xcassets in Resources */ = {isa = PBXBuildFile; fileRef = A07A35FF28095B38001A259D /* Assets.xcassets */; };
		A07A360328095B38001A259D /* LaunchScreen.storyboard in Resources */ = {isa = PBXBuildFile; fileRef = A07A360128095B38001A259D /* LaunchScreen.storyboard */; };
		A07A361128095FD5001A259D /* AppUtils.swift in Sources */ = {isa = PBXBuildFile; fileRef = A07A361028095FD5001A259D /* AppUtils.swift */; };
		A07A36132809618E001A259D /* RestaurantViewController.swift in Sources */ = {isa = PBXBuildFile; fileRef = A07A36122809618E001A259D /* RestaurantViewController.swift */; };
		A07A36152809B6C9001A259D /* takeawayexample.json in Resources */ = {isa = PBXBuildFile; fileRef = A07A36142809B6C9001A259D /* takeawayexample.json */; };
		A07A36182809BD6D001A259D /* RestaurantResponseModel.swift in Sources */ = {isa = PBXBuildFile; fileRef = A07A36172809BD6D001A259D /* RestaurantResponseModel.swift */; };
		A07A36202809BF3B001A259D /* Takeaway_iOS_AssignmentTests.swift in Sources */ = {isa = PBXBuildFile; fileRef = A07A361F2809BF3B001A259D /* Takeaway_iOS_AssignmentTests.swift */; };
		A07A3671280D5810001A259D /* RestaurantViewModel.swift in Sources */ = {isa = PBXBuildFile; fileRef = A07A3670280D5810001A259D /* RestaurantViewModel.swift */; };
		A07A3675280D666B001A259D /* RestaurantDetailsTableViewCell.swift in Sources */ = {isa = PBXBuildFile; fileRef = A07A3673280D666B001A259D /* RestaurantDetailsTableViewCell.swift */; };
		A07A3676280D666B001A259D /* RestaurantDetailsTableViewCell.xib in Resources */ = {isa = PBXBuildFile; fileRef = A07A3674280D666B001A259D /* RestaurantDetailsTableViewCell.xib */; };
		A07A3679280D9C2A001A259D /* UINib+Extension.swift in Sources */ = {isa = PBXBuildFile; fileRef = A07A3678280D9C2A001A259D /* UINib+Extension.swift */; };
		A07A367B280DAA6E001A259D /* RestaurantCellViewModel.swift in Sources */ = {isa = PBXBuildFile; fileRef = A07A367A280DAA6E001A259D /* RestaurantCellViewModel.swift */; };
/* End PBXBuildFile section */

/* Begin PBXContainerItemProxy section */
		A07A36212809BF3B001A259D /* PBXContainerItemProxy */ = {
			isa = PBXContainerItemProxy;
			containerPortal = A07A35EB28095B36001A259D /* Project object */;
			proxyType = 1;
			remoteGlobalIDString = A07A35F228095B36001A259D;
			remoteInfo = "Takeaway iOS Assignment";
		};
/* End PBXContainerItemProxy section */

/* Begin PBXFileReference section */
		A07A35F328095B36001A259D /* Takeaway iOS Assignment.app */ = {isa = PBXFileReference; explicitFileType = wrapper.application; includeInIndex = 0; path = "Takeaway iOS Assignment.app"; sourceTree = BUILT_PRODUCTS_DIR; };
		A07A35F628095B36001A259D /* AppDelegate.swift */ = {isa = PBXFileReference; lastKnownFileType = sourcecode.swift; path = AppDelegate.swift; sourceTree = "<group>"; };
		A07A35F828095B36001A259D /* SceneDelegate.swift */ = {isa = PBXFileReference; lastKnownFileType = sourcecode.swift; path = SceneDelegate.swift; sourceTree = "<group>"; };
		A07A35FD28095B36001A259D /* Base */ = {isa = PBXFileReference; lastKnownFileType = file.storyboard; name = Base; path = Base.lproj/Main.storyboard; sourceTree = "<group>"; };
		A07A35FF28095B38001A259D /* Assets.xcassets */ = {isa = PBXFileReference; lastKnownFileType = folder.assetcatalog; path = Assets.xcassets; sourceTree = "<group>"; };
		A07A360228095B38001A259D /* Base */ = {isa = PBXFileReference; lastKnownFileType = file.storyboard; name = Base; path = Base.lproj/LaunchScreen.storyboard; sourceTree = "<group>"; };
		A07A360428095B38001A259D /* Info.plist */ = {isa = PBXFileReference; lastKnownFileType = text.plist.xml; path = Info.plist; sourceTree = "<group>"; };
		A07A361028095FD5001A259D /* AppUtils.swift */ = {isa = PBXFileReference; lastKnownFileType = sourcecode.swift; path = AppUtils.swift; sourceTree = "<group>"; };
		A07A36122809618E001A259D /* RestaurantViewController.swift */ = {isa = PBXFileReference; lastKnownFileType = sourcecode.swift; path = RestaurantViewController.swift; sourceTree = "<group>"; };
		A07A36142809B6C9001A259D /* takeawayexample.json */ = {isa = PBXFileReference; fileEncoding = 4; lastKnownFileType = text.json; path = takeawayexample.json; sourceTree = "<group>"; };
		A07A36172809BD6D001A259D /* RestaurantResponseModel.swift */ = {isa = PBXFileReference; lastKnownFileType = sourcecode.swift; path = RestaurantResponseModel.swift; sourceTree = "<group>"; };
		A07A361D2809BF3B001A259D /* Takeaway iOS AssignmentTests.xctest */ = {isa = PBXFileReference; explicitFileType = wrapper.cfbundle; includeInIndex = 0; path = "Takeaway iOS AssignmentTests.xctest"; sourceTree = BUILT_PRODUCTS_DIR; };
		A07A361F2809BF3B001A259D /* Takeaway_iOS_AssignmentTests.swift */ = {isa = PBXFileReference; lastKnownFileType = sourcecode.swift; path = Takeaway_iOS_AssignmentTests.swift; sourceTree = "<group>"; };
		A07A3670280D5810001A259D /* RestaurantViewModel.swift */ = {isa = PBXFileReference; lastKnownFileType = sourcecode.swift; path = RestaurantViewModel.swift; sourceTree = "<group>"; };
		A07A3673280D666B001A259D /* RestaurantDetailsTableViewCell.swift */ = {isa = PBXFileReference; lastKnownFileType = sourcecode.swift; path = RestaurantDetailsTableViewCell.swift; sourceTree = "<group>"; };
		A07A3674280D666B001A259D /* RestaurantDetailsTableViewCell.xib */ = {isa = PBXFileReference; lastKnownFileType = file.xib; path = RestaurantDetailsTableViewCell.xib; sourceTree = "<group>"; };
		A07A3678280D9C2A001A259D /* UINib+Extension.swift */ = {isa = PBXFileReference; lastKnownFileType = sourcecode.swift; path = "UINib+Extension.swift"; sourceTree = "<group>"; };
		A07A367A280DAA6E001A259D /* RestaurantCellViewModel.swift */ = {isa = PBXFileReference; lastKnownFileType = sourcecode.swift; path = RestaurantCellViewModel.swift; sourceTree = "<group>"; };
/* End PBXFileReference section */

/* Begin PBXFrameworksBuildPhase section */
		A07A35F028095B36001A259D /* Frameworks */ = {
			isa = PBXFrameworksBuildPhase;
			buildActionMask = 2147483647;
			files = (
			);
			runOnlyForDeploymentPostprocessing = 0;
		};
		A07A361A2809BF3B001A259D /* Frameworks */ = {
			isa = PBXFrameworksBuildPhase;
			buildActionMask = 2147483647;
			files = (
			);
			runOnlyForDeploymentPostprocessing = 0;
		};
/* End PBXFrameworksBuildPhase section */

/* Begin PBXGroup section */
		A07A35EA28095B36001A259D = {
			isa = PBXGroup;
			children = (
				A07A35F528095B36001A259D /* Takeaway iOS Assignment */,
				A07A361E2809BF3B001A259D /* Takeaway iOS AssignmentTests */,
				A07A35F428095B36001A259D /* Products */,
			);
			sourceTree = "<group>";
		};
		A07A35F428095B36001A259D /* Products */ = {
			isa = PBXGroup;
			children = (
				A07A35F328095B36001A259D /* Takeaway iOS Assignment.app */,
				A07A361D2809BF3B001A259D /* Takeaway iOS AssignmentTests.xctest */,
			);
			name = Products;
			sourceTree = "<group>";
		};
		A07A35F528095B36001A259D /* Takeaway iOS Assignment */ = {
			isa = PBXGroup;
			children = (
				A07A360A28095B4F001A259D /* App&SceneDelegates */,
				A07A360D28095B9B001A259D /* AppAssets */,
				A07A366C280D53D0001A259D /* RestaurantListingFlow */,
				A07A360C28095B87001A259D /* Storyboards */,
				A07A360F28095BE0001A259D /* Utilities */,
				A07A360428095B38001A259D /* Info.plist */,
			);
			path = "Takeaway iOS Assignment";
			sourceTree = "<group>";
		};
		A07A360A28095B4F001A259D /* App&SceneDelegates */ = {
			isa = PBXGroup;
			children = (
				A07A35F628095B36001A259D /* AppDelegate.swift */,
				A07A35F828095B36001A259D /* SceneDelegate.swift */,
			);
			path = "App&SceneDelegates";
			sourceTree = "<group>";
		};
		A07A360B28095B6C001A259D /* ViewControllers */ = {
			isa = PBXGroup;
			children = (
				A07A36122809618E001A259D /* RestaurantViewController.swift */,
			);
			path = ViewControllers;
			sourceTree = "<group>";
		};
		A07A360C28095B87001A259D /* Storyboards */ = {
			isa = PBXGroup;
			children = (
				A07A35FC28095B36001A259D /* Main.storyboard */,
				A07A360128095B38001A259D /* LaunchScreen.storyboard */,
			);
			path = Storyboards;
			sourceTree = "<group>";
		};
		A07A360D28095B9B001A259D /* AppAssets */ = {
			isa = PBXGroup;
			children = (
				A07A35FF28095B38001A259D /* Assets.xcassets */,
			);
			path = AppAssets;
			sourceTree = "<group>";
		};
		A07A360F28095BE0001A259D /* Utilities */ = {
			isa = PBXGroup;
			children = (
				A07A361028095FD5001A259D /* AppUtils.swift */,
				A07A3677280D9C18001A259D /* Extensions */,
				A07A36162809B6CF001A259D /* DataFiles */,
			);
			path = Utilities;
			sourceTree = "<group>";
		};
		A07A36162809B6CF001A259D /* DataFiles */ = {
			isa = PBXGroup;
			children = (
				A07A36142809B6C9001A259D /* takeawayexample.json */,
			);
			path = DataFiles;
			sourceTree = "<group>";
		};
		A07A361E2809BF3B001A259D /* Takeaway iOS AssignmentTests */ = {
			isa = PBXGroup;
			children = (
				A07A361F2809BF3B001A259D /* Takeaway_iOS_AssignmentTests.swift */,
			);
			path = "Takeaway iOS AssignmentTests";
			sourceTree = "<group>";
		};
		A07A366B280D4B4D001A259D /* Model */ = {
			isa = PBXGroup;
			children = (
				A07A36172809BD6D001A259D /* RestaurantResponseModel.swift */,
			);
			path = Model;
			sourceTree = "<group>";
		};
		A07A366C280D53D0001A259D /* RestaurantListingFlow */ = {
			isa = PBXGroup;
			children = (
				A07A366B280D4B4D001A259D /* Model */,
				A07A366F280D54A6001A259D /* ViewModels */,
				A07A360B28095B6C001A259D /* ViewControllers */,
				A07A3672280D6628001A259D /* ReusableCells */,
			);
			path = RestaurantListingFlow;
			sourceTree = "<group>";
		};
		A07A366F280D54A6001A259D /* ViewModels */ = {
			isa = PBXGroup;
			children = (
				A07A3670280D5810001A259D /* RestaurantViewModel.swift */,
				A07A367A280DAA6E001A259D /* RestaurantCellViewModel.swift */,
			);
			path = ViewModels;
			sourceTree = "<group>";
		};
		A07A3672280D6628001A259D /* ReusableCells */ = {
			isa = PBXGroup;
			children = (
				A07A3673280D666B001A259D /* RestaurantDetailsTableViewCell.swift */,
				A07A3674280D666B001A259D /* RestaurantDetailsTableViewCell.xib */,
			);
			path = ReusableCells;
			sourceTree = "<group>";
		};
		A07A3677280D9C18001A259D /* Extensions */ = {
			isa = PBXGroup;
			children = (
				A07A3678280D9C2A001A259D /* UINib+Extension.swift */,
			);
			path = Extensions;
			sourceTree = "<group>";
		};
/* End PBXGroup section */

/* Begin PBXNativeTarget section */
		A07A35F228095B36001A259D /* Takeaway iOS Assignment */ = {
			isa = PBXNativeTarget;
			buildConfigurationList = A07A360728095B38001A259D /* Build configuration list for PBXNativeTarget "Takeaway iOS Assignment" */;
			buildPhases = (
				A07A35EF28095B36001A259D /* Sources */,
				A07A35F028095B36001A259D /* Frameworks */,
				A07A35F128095B36001A259D /* Resources */,
			);
			buildRules = (
			);
			dependencies = (
			);
			name = "Takeaway iOS Assignment";
			productName = "Takeaway iOS Assignment";
			productReference = A07A35F328095B36001A259D /* Takeaway iOS Assignment.app */;
			productType = "com.apple.product-type.application";
		};
		A07A361C2809BF3B001A259D /* Takeaway iOS AssignmentTests */ = {
			isa = PBXNativeTarget;
			buildConfigurationList = A07A36232809BF3B001A259D /* Build configuration list for PBXNativeTarget "Takeaway iOS AssignmentTests" */;
			buildPhases = (
				A07A36192809BF3B001A259D /* Sources */,
				A07A361A2809BF3B001A259D /* Frameworks */,
				A07A361B2809BF3B001A259D /* Resources */,
			);
			buildRules = (
			);
			dependencies = (
				A07A36222809BF3B001A259D /* PBXTargetDependency */,
			);
			name = "Takeaway iOS AssignmentTests";
			productName = "Takeaway iOS AssignmentTests";
			productReference = A07A361D2809BF3B001A259D /* Takeaway iOS AssignmentTests.xctest */;
			productType = "com.apple.product-type.bundle.unit-test";
		};
/* End PBXNativeTarget section */

/* Begin PBXProject section */
		A07A35EB28095B36001A259D /* Project object */ = {
			isa = PBXProject;
			attributes = {
				BuildIndependentTargetsInParallel = 1;
				LastSwiftUpdateCheck = 1330;
				LastUpgradeCheck = 1330;
				TargetAttributes = {
					A07A35F228095B36001A259D = {
						CreatedOnToolsVersion = 13.3.1;
					};
					A07A361C2809BF3B001A259D = {
						CreatedOnToolsVersion = 13.3.1;
						TestTargetID = A07A35F228095B36001A259D;
					};
				};
			};
			buildConfigurationList = A07A35EE28095B36001A259D /* Build configuration list for PBXProject "Takeaway iOS Assignment" */;
			compatibilityVersion = "Xcode 13.0";
			developmentRegion = en;
			hasScannedForEncodings = 0;
			knownRegions = (
				en,
				Base,
			);
			mainGroup = A07A35EA28095B36001A259D;
			productRefGroup = A07A35F428095B36001A259D /* Products */;
			projectDirPath = "";
			projectRoot = "";
			targets = (
				A07A35F228095B36001A259D /* Takeaway iOS Assignment */,
				A07A361C2809BF3B001A259D /* Takeaway iOS AssignmentTests */,
			);
		};
/* End PBXProject section */

/* Begin PBXResourcesBuildPhase section */
		A07A35F128095B36001A259D /* Resources */ = {
			isa = PBXResourcesBuildPhase;
			buildActionMask = 2147483647;
			files = (
				A07A3676280D666B001A259D /* RestaurantDetailsTableViewCell.xib in Resources */,
				A07A360328095B38001A259D /* LaunchScreen.storyboard in Resources */,
				A07A360028095B38001A259D /* Assets.xcassets in Resources */,
				A07A35FE28095B36001A259D /* Main.storyboard in Resources */,
				A07A36152809B6C9001A259D /* takeawayexample.json in Resources */,
			);
			runOnlyForDeploymentPostprocessing = 0;
		};
		A07A361B2809BF3B001A259D /* Resources */ = {
			isa = PBXResourcesBuildPhase;
			buildActionMask = 2147483647;
			files = (
			);
			runOnlyForDeploymentPostprocessing = 0;
		};
/* End PBXResourcesBuildPhase section */

/* Begin PBXSourcesBuildPhase section */
		A07A35EF28095B36001A259D /* Sources */ = {
			isa = PBXSourcesBuildPhase;
			buildActionMask = 2147483647;
			files = (
				A07A35F728095B36001A259D /* AppDelegate.swift in Sources */,
				A07A3671280D5810001A259D /* RestaurantViewModel.swift in Sources */,
				A07A367B280DAA6E001A259D /* RestaurantCellViewModel.swift in Sources */,
				A07A36132809618E001A259D /* RestaurantViewController.swift in Sources */,
				A07A35F928095B36001A259D /* SceneDelegate.swift in Sources */,
				A07A3675280D666B001A259D /* RestaurantDetailsTableViewCell.swift in Sources */,
				A07A36182809BD6D001A259D /* RestaurantResponseModel.swift in Sources */,
				A07A361128095FD5001A259D /* AppUtils.swift in Sources */,
				A07A3679280D9C2A001A259D /* UINib+Extension.swift in Sources */,
			);
			runOnlyForDeploymentPostprocessing = 0;
		};
		A07A36192809BF3B001A259D /* Sources */ = {
			isa = PBXSourcesBuildPhase;
			buildActionMask = 2147483647;
			files = (
				A07A36202809BF3B001A259D /* Takeaway_iOS_AssignmentTests.swift in Sources */,
			);
			runOnlyForDeploymentPostprocessing = 0;
		};
/* End PBXSourcesBuildPhase section */

/* Begin PBXTargetDependency section */
		A07A36222809BF3B001A259D /* PBXTargetDependency */ = {
			isa = PBXTargetDependency;
			target = A07A35F228095B36001A259D /* Takeaway iOS Assignment */;
			targetProxy = A07A36212809BF3B001A259D /* PBXContainerItemProxy */;
		};
/* End PBXTargetDependency section */

/* Begin PBXVariantGroup section */
		A07A35FC28095B36001A259D /* Main.storyboard */ = {
			isa = PBXVariantGroup;
			children = (
				A07A35FD28095B36001A259D /* Base */,
			);
			name = Main.storyboard;
			sourceTree = "<group>";
		};
		A07A360128095B38001A259D /* LaunchScreen.storyboard */ = {
			isa = PBXVariantGroup;
			children = (
				A07A360228095B38001A259D /* Base */,
			);
			name = LaunchScreen.storyboard;
			sourceTree = "<group>";
		};
/* End PBXVariantGroup section */

/* Begin XCBuildConfiguration section */
		A07A360528095B38001A259D /* Debug */ = {
			isa = XCBuildConfiguration;
			buildSettings = {
				ALWAYS_SEARCH_USER_PATHS = NO;
				CLANG_ANALYZER_NONNULL = YES;
				CLANG_ANALYZER_NUMBER_OBJECT_CONVERSION = YES_AGGRESSIVE;
				CLANG_CXX_LANGUAGE_STANDARD = "gnu++17";
				CLANG_ENABLE_MODULES = YES;
				CLANG_ENABLE_OBJC_ARC = YES;
				CLANG_ENABLE_OBJC_WEAK = YES;
				CLANG_WARN_BLOCK_CAPTURE_AUTORELEASING = YES;
				CLANG_WARN_BOOL_CONVERSION = YES;
				CLANG_WARN_COMMA = YES;
				CLANG_WARN_CONSTANT_CONVERSION = YES;
				CLANG_WARN_DEPRECATED_OBJC_IMPLEMENTATIONS = YES;
				CLANG_WARN_DIRECT_OBJC_ISA_USAGE = YES_ERROR;
				CLANG_WARN_DOCUMENTATION_COMMENTS = YES;
				CLANG_WARN_EMPTY_BODY = YES;
				CLANG_WARN_ENUM_CONVERSION = YES;
				CLANG_WARN_INFINITE_RECURSION = YES;
				CLANG_WARN_INT_CONVERSION = YES;
				CLANG_WARN_NON_LITERAL_NULL_CONVERSION = YES;
				CLANG_WARN_OBJC_IMPLICIT_RETAIN_SELF = YES;
				CLANG_WARN_OBJC_LITERAL_CONVERSION = YES;
				CLANG_WARN_OBJC_ROOT_CLASS = YES_ERROR;
				CLANG_WARN_QUOTED_INCLUDE_IN_FRAMEWORK_HEADER = YES;
				CLANG_WARN_RANGE_LOOP_ANALYSIS = YES;
				CLANG_WARN_STRICT_PROTOTYPES = YES;
				CLANG_WARN_SUSPICIOUS_MOVE = YES;
				CLANG_WARN_UNGUARDED_AVAILABILITY = YES_AGGRESSIVE;
				CLANG_WARN_UNREACHABLE_CODE = YES;
				CLANG_WARN__DUPLICATE_METHOD_MATCH = YES;
				COPY_PHASE_STRIP = NO;
				DEBUG_INFORMATION_FORMAT = dwarf;
				ENABLE_STRICT_OBJC_MSGSEND = YES;
				ENABLE_TESTABILITY = YES;
				GCC_C_LANGUAGE_STANDARD = gnu11;
				GCC_DYNAMIC_NO_PIC = NO;
				GCC_NO_COMMON_BLOCKS = YES;
				GCC_OPTIMIZATION_LEVEL = 0;
				GCC_PREPROCESSOR_DEFINITIONS = (
					"DEBUG=1",
					"$(inherited)",
				);
				GCC_WARN_64_TO_32_BIT_CONVERSION = YES;
				GCC_WARN_ABOUT_RETURN_TYPE = YES_ERROR;
				GCC_WARN_UNDECLARED_SELECTOR = YES;
				GCC_WARN_UNINITIALIZED_AUTOS = YES_AGGRESSIVE;
				GCC_WARN_UNUSED_FUNCTION = YES;
				GCC_WARN_UNUSED_VARIABLE = YES;
				IPHONEOS_DEPLOYMENT_TARGET = 15.4;
				MTL_ENABLE_DEBUG_INFO = INCLUDE_SOURCE;
				MTL_FAST_MATH = YES;
				ONLY_ACTIVE_ARCH = YES;
				SDKROOT = iphoneos;
				SWIFT_ACTIVE_COMPILATION_CONDITIONS = DEBUG;
				SWIFT_OPTIMIZATION_LEVEL = "-Onone";
			};
			name = Debug;
		};
		A07A360628095B38001A259D /* Release */ = {
			isa = XCBuildConfiguration;
			buildSettings = {
				ALWAYS_SEARCH_USER_PATHS = NO;
				CLANG_ANALYZER_NONNULL = YES;
				CLANG_ANALYZER_NUMBER_OBJECT_CONVERSION = YES_AGGRESSIVE;
				CLANG_CXX_LANGUAGE_STANDARD = "gnu++17";
				CLANG_ENABLE_MODULES = YES;
				CLANG_ENABLE_OBJC_ARC = YES;
				CLANG_ENABLE_OBJC_WEAK = YES;
				CLANG_WARN_BLOCK_CAPTURE_AUTORELEASING = YES;
				CLANG_WARN_BOOL_CONVERSION = YES;
				CLANG_WARN_COMMA = YES;
				CLANG_WARN_CONSTANT_CONVERSION = YES;
				CLANG_WARN_DEPRECATED_OBJC_IMPLEMENTATIONS = YES;
				CLANG_WARN_DIRECT_OBJC_ISA_USAGE = YES_ERROR;
				CLANG_WARN_DOCUMENTATION_COMMENTS = YES;
				CLANG_WARN_EMPTY_BODY = YES;
				CLANG_WARN_ENUM_CONVERSION = YES;
				CLANG_WARN_INFINITE_RECURSION = YES;
				CLANG_WARN_INT_CONVERSION = YES;
				CLANG_WARN_NON_LITERAL_NULL_CONVERSION = YES;
				CLANG_WARN_OBJC_IMPLICIT_RETAIN_SELF = YES;
				CLANG_WARN_OBJC_LITERAL_CONVERSION = YES;
				CLANG_WARN_OBJC_ROOT_CLASS = YES_ERROR;
				CLANG_WARN_QUOTED_INCLUDE_IN_FRAMEWORK_HEADER = YES;
				CLANG_WARN_RANGE_LOOP_ANALYSIS = YES;
				CLANG_WARN_STRICT_PROTOTYPES = YES;
				CLANG_WARN_SUSPICIOUS_MOVE = YES;
				CLANG_WARN_UNGUARDED_AVAILABILITY = YES_AGGRESSIVE;
				CLANG_WARN_UNREACHABLE_CODE = YES;
				CLANG_WARN__DUPLICATE_METHOD_MATCH = YES;
				COPY_PHASE_STRIP = NO;
				DEBUG_INFORMATION_FORMAT = "dwarf-with-dsym";
				ENABLE_NS_ASSERTIONS = NO;
				ENABLE_STRICT_OBJC_MSGSEND = YES;
				GCC_C_LANGUAGE_STANDARD = gnu11;
				GCC_NO_COMMON_BLOCKS = YES;
				GCC_WARN_64_TO_32_BIT_CONVERSION = YES;
				GCC_WARN_ABOUT_RETURN_TYPE = YES_ERROR;
				GCC_WARN_UNDECLARED_SELECTOR = YES;
				GCC_WARN_UNINITIALIZED_AUTOS = YES_AGGRESSIVE;
				GCC_WARN_UNUSED_FUNCTION = YES;
				GCC_WARN_UNUSED_VARIABLE = YES;
				IPHONEOS_DEPLOYMENT_TARGET = 15.4;
				MTL_ENABLE_DEBUG_INFO = NO;
				MTL_FAST_MATH = YES;
				SDKROOT = iphoneos;
				SWIFT_COMPILATION_MODE = wholemodule;
				SWIFT_OPTIMIZATION_LEVEL = "-O";
				VALIDATE_PRODUCT = YES;
			};
			name = Release;
		};
		A07A360828095B38001A259D /* Debug */ = {
			isa = XCBuildConfiguration;
			buildSettings = {
				ASSETCATALOG_COMPILER_APPICON_NAME = AppIcon;
				ASSETCATALOG_COMPILER_GLOBAL_ACCENT_COLOR_NAME = AccentColor;
				CODE_SIGN_STYLE = Automatic;
				CURRENT_PROJECT_VERSION = 1;
				DEVELOPMENT_TEAM = RNLJNFX7TQ;
				GENERATE_INFOPLIST_FILE = YES;
				INFOPLIST_FILE = "Takeaway iOS Assignment/Info.plist";
				INFOPLIST_KEY_UIApplicationSupportsIndirectInputEvents = YES;
				INFOPLIST_KEY_UILaunchStoryboardName = LaunchScreen;
				INFOPLIST_KEY_UIMainStoryboardFile = Main;
				INFOPLIST_KEY_UISupportedInterfaceOrientations_iPad = "UIInterfaceOrientationPortrait UIInterfaceOrientationPortraitUpsideDown UIInterfaceOrientationLandscapeLeft UIInterfaceOrientationLandscapeRight";
				INFOPLIST_KEY_UISupportedInterfaceOrientations_iPhone = "UIInterfaceOrientationPortrait UIInterfaceOrientationLandscapeLeft UIInterfaceOrientationLandscapeRight";
				LD_RUNPATH_SEARCH_PATHS = (
					"$(inherited)",
					"@executable_path/Frameworks",
				);
				MARKETING_VERSION = 1.0;
				PRODUCT_BUNDLE_IDENTIFIER = "com.POC.Takeaway-iOS-Assignment";
				PRODUCT_NAME = "$(TARGET_NAME)";
				SWIFT_EMIT_LOC_STRINGS = YES;
				SWIFT_VERSION = 5.0;
				TARGETED_DEVICE_FAMILY = "1,2";
			};
			name = Debug;
		};
		A07A360928095B38001A259D /* Release */ = {
			isa = XCBuildConfiguration;
			buildSettings = {
				ASSETCATALOG_COMPILER_APPICON_NAME = AppIcon;
				ASSETCATALOG_COMPILER_GLOBAL_ACCENT_COLOR_NAME = AccentColor;
				CODE_SIGN_STYLE = Automatic;
				CURRENT_PROJECT_VERSION = 1;
				DEVELOPMENT_TEAM = RNLJNFX7TQ;
				GENERATE_INFOPLIST_FILE = YES;
				INFOPLIST_FILE = "Takeaway iOS Assignment/Info.plist";
				INFOPLIST_KEY_UIApplicationSupportsIndirectInputEvents = YES;
				INFOPLIST_KEY_UILaunchStoryboardName = LaunchScreen;
				INFOPLIST_KEY_UIMainStoryboardFile = Main;
				INFOPLIST_KEY_UISupportedInterfaceOrientations_iPad = "UIInterfaceOrientationPortrait UIInterfaceOrientationPortraitUpsideDown UIInterfaceOrientationLandscapeLeft UIInterfaceOrientationLandscapeRight";
				INFOPLIST_KEY_UISupportedInterfaceOrientations_iPhone = "UIInterfaceOrientationPortrait UIInterfaceOrientationLandscapeLeft UIInterfaceOrientationLandscapeRight";
				LD_RUNPATH_SEARCH_PATHS = (
					"$(inherited)",
					"@executable_path/Frameworks",
				);
				MARKETING_VERSION = 1.0;
				PRODUCT_BUNDLE_IDENTIFIER = "com.POC.Takeaway-iOS-Assignment";
				PRODUCT_NAME = "$(TARGET_NAME)";
				SWIFT_EMIT_LOC_STRINGS = YES;
				SWIFT_VERSION = 5.0;
				TARGETED_DEVICE_FAMILY = "1,2";
			};
			name = Release;
		};
		A07A36242809BF3B001A259D /* Debug */ = {
			isa = XCBuildConfiguration;
			buildSettings = {
				BUNDLE_LOADER = "$(TEST_HOST)";
				CODE_SIGN_STYLE = Automatic;
				CURRENT_PROJECT_VERSION = 1;
				DEVELOPMENT_TEAM = RNLJNFX7TQ;
				GENERATE_INFOPLIST_FILE = YES;
				MARKETING_VERSION = 1.0;
				PRODUCT_BUNDLE_IDENTIFIER = "com.POC.Takeaway-iOS-AssignmentTests";
				PRODUCT_NAME = "$(TARGET_NAME)";
				SWIFT_EMIT_LOC_STRINGS = NO;
				SWIFT_VERSION = 5.0;
				TARGETED_DEVICE_FAMILY = "1,2";
				TEST_HOST = "$(BUILT_PRODUCTS_DIR)/Takeaway iOS Assignment.app/Takeaway iOS Assignment";
			};
			name = Debug;
		};
		A07A36252809BF3B001A259D /* Release */ = {
			isa = XCBuildConfiguration;
			buildSettings = {
				BUNDLE_LOADER = "$(TEST_HOST)";
				CODE_SIGN_STYLE = Automatic;
				CURRENT_PROJECT_VERSION = 1;
				DEVELOPMENT_TEAM = RNLJNFX7TQ;
				GENERATE_INFOPLIST_FILE = YES;
				MARKETING_VERSION = 1.0;
				PRODUCT_BUNDLE_IDENTIFIER = "com.POC.Takeaway-iOS-AssignmentTests";
				PRODUCT_NAME = "$(TARGET_NAME)";
				SWIFT_EMIT_LOC_STRINGS = NO;
				SWIFT_VERSION = 5.0;
				TARGETED_DEVICE_FAMILY = "1,2";
				TEST_HOST = "$(BUILT_PRODUCTS_DIR)/Takeaway iOS Assignment.app/Takeaway iOS Assignment";
			};
			name = Release;
		};
/* End XCBuildConfiguration section */

/* Begin XCConfigurationList section */
		A07A35EE28095B36001A259D /* Build configuration list for PBXProject "Takeaway iOS Assignment" */ = {
			isa = XCConfigurationList;
			buildConfigurations = (
				A07A360528095B38001A259D /* Debug */,
				A07A360628095B38001A259D /* Release */,
			);
			defaultConfigurationIsVisible = 0;
			defaultConfigurationName = Release;
		};
		A07A360728095B38001A259D /* Build configuration list for PBXNativeTarget "Takeaway iOS Assignment" */ = {
			isa = XCConfigurationList;
			buildConfigurations = (
				A07A360828095B38001A259D /* Debug */,
				A07A360928095B38001A259D /* Release */,
			);
			defaultConfigurationIsVisible = 0;
			defaultConfigurationName = Release;
		};
		A07A36232809BF3B001A259D /* Build configuration list for PBXNativeTarget "Takeaway iOS AssignmentTests" */ = {
			isa = XCConfigurationList;
			buildConfigurations = (
				A07A36242809BF3B001A259D /* Debug */,
				A07A36252809BF3B001A259D /* Release */,
			);
			defaultConfigurationIsVisible = 0;
			defaultConfigurationName = Release;
		};
/* End XCConfigurationList section */
	};
	rootObject = A07A35EB28095B36001A259D /* Project object */;
}
